// !$*UTF8*$!
{
	archiveVersion = 1;
	classes = {
	};
	objectVersion = 56;
	objects = {

/* Begin PBXBuildFile section */
		B358B2642C60BA8D009D3696 /* main.c in Sources */ = {isa = PBXBuildFile; fileRef = B358B2632C60BA8D009D3696 /* main.c */; };
		B363EC692C62477E00046707 /* lexer.c in Sources */ = {isa = PBXBuildFile; fileRef = B363EC682C62477E00046707 /* lexer.c */; };
		B363EC6C2C6248AC00046707 /* parser.c in Sources */ = {isa = PBXBuildFile; fileRef = B363EC6B2C6248AC00046707 /* parser.c */; };
		B363EC6E2C6248D600046707 /* expander.c in Sources */ = {isa = PBXBuildFile; fileRef = B363EC6D2C6248D600046707 /* expander.c */; };
		B363EC702C62492400046707 /* executor.c in Sources */ = {isa = PBXBuildFile; fileRef = B363EC6F2C62492400046707 /* executor.c */; };
		B363EC722C62495E00046707 /* signal.c in Sources */ = {isa = PBXBuildFile; fileRef = B363EC712C62495E00046707 /* signal.c */; };
/* End PBXBuildFile section */

/* Begin PBXCopyFilesBuildPhase section */
		B358B25E2C60BA8D009D3696 /* CopyFiles */ = {
			isa = PBXCopyFilesBuildPhase;
			buildActionMask = 2147483647;
			dstPath = /usr/share/man/man1/;
			dstSubfolderSpec = 0;
			files = (
			);
			runOnlyForDeploymentPostprocessing = 1;
		};
		B358B26C2C620716009D3696 /* CopyFiles */ = {
			isa = PBXCopyFilesBuildPhase;
			buildActionMask = 2147483647;
			dstPath = /usr/share/man/man1/;
			dstSubfolderSpec = 0;
			files = (
			);
			runOnlyForDeploymentPostprocessing = 1;
		};
/* End PBXCopyFilesBuildPhase section */

/* Begin PBXFileReference section */
		B358B2602C60BA8D009D3696 /* minishell */ = {isa = PBXFileReference; explicitFileType = "compiled.mach-o.executable"; includeInIndex = 0; path = minishell; sourceTree = BUILT_PRODUCTS_DIR; };
		B358B2632C60BA8D009D3696 /* main.c */ = {isa = PBXFileReference; lastKnownFileType = sourcecode.c.c; path = main.c; sourceTree = "<group>"; };
		B358B26E2C620716009D3696 /* misc */ = {isa = PBXFileReference; explicitFileType = "compiled.mach-o.executable"; includeInIndex = 0; path = misc; sourceTree = BUILT_PRODUCTS_DIR; };
		B363EC682C62477E00046707 /* lexer.c */ = {isa = PBXFileReference; lastKnownFileType = sourcecode.c.c; path = lexer.c; sourceTree = "<group>"; };
		B363EC6A2C62480000046707 /* minishell.h */ = {isa = PBXFileReference; lastKnownFileType = sourcecode.c.h; path = minishell.h; sourceTree = "<group>"; };
		B363EC6B2C6248AC00046707 /* parser.c */ = {isa = PBXFileReference; lastKnownFileType = sourcecode.c.c; path = parser.c; sourceTree = "<group>"; };
		B363EC6D2C6248D600046707 /* expander.c */ = {isa = PBXFileReference; lastKnownFileType = sourcecode.c.c; path = expander.c; sourceTree = "<group>"; };
		B363EC6F2C62492400046707 /* executor.c */ = {isa = PBXFileReference; lastKnownFileType = sourcecode.c.c; path = executor.c; sourceTree = "<group>"; };
		B363EC712C62495E00046707 /* signal.c */ = {isa = PBXFileReference; lastKnownFileType = sourcecode.c.c; path = signal.c; sourceTree = "<group>"; };
		B363EC732C6249FA00046707 /* Makefile */ = {isa = PBXFileReference; lastKnownFileType = sourcecode.make; path = Makefile; sourceTree = "<group>"; };
		B363EC742C62621B00046707 /* .gitignore */ = {isa = PBXFileReference; lastKnownFileType = text; path = .gitignore; sourceTree = "<group>"; };
/* End PBXFileReference section */

/* Begin PBXFrameworksBuildPhase section */
		B358B25D2C60BA8D009D3696 /* Frameworks */ = {
			isa = PBXFrameworksBuildPhase;
			buildActionMask = 2147483647;
			files = (
			);
			runOnlyForDeploymentPostprocessing = 0;
		};
		B358B26B2C620716009D3696 /* Frameworks */ = {
			isa = PBXFrameworksBuildPhase;
			buildActionMask = 2147483647;
			files = (
			);
			runOnlyForDeploymentPostprocessing = 0;
		};
/* End PBXFrameworksBuildPhase section */

/* Begin PBXGroup section */
		B358B2572C60BA8D009D3696 = {
			isa = PBXGroup;
			children = (
				B358B2622C60BA8D009D3696 /* minishell */,
				B358B2612C60BA8D009D3696 /* Products */,
			);
			sourceTree = "<group>";
		};
		B358B2612C60BA8D009D3696 /* Products */ = {
			isa = PBXGroup;
			children = (
				B358B2602C60BA8D009D3696 /* minishell */,
				B358B26E2C620716009D3696 /* misc */,
			);
			name = Products;
			sourceTree = "<group>";
		};
		B358B2622C60BA8D009D3696 /* minishell */ = {
			isa = PBXGroup;
			children = (
				B363EC742C62621B00046707 /* .gitignore */,
				B363EC6A2C62480000046707 /* minishell.h */,
				B358B2632C60BA8D009D3696 /* main.c */,
				B363EC682C62477E00046707 /* lexer.c */,
				B363EC6B2C6248AC00046707 /* parser.c */,
				B363EC6D2C6248D600046707 /* expander.c */,
				B363EC6F2C62492400046707 /* executor.c */,
				B363EC712C62495E00046707 /* signal.c */,
				B363EC732C6249FA00046707 /* Makefile */,
			);
			path = minishell;
			sourceTree = "<group>";
		};
/* End PBXGroup section */

/* Begin PBXNativeTarget section */
		B358B25F2C60BA8D009D3696 /* minishell */ = {
			isa = PBXNativeTarget;
			buildConfigurationList = B358B2672C60BA8D009D3696 /* Build configuration list for PBXNativeTarget "minishell" */;
			buildPhases = (
				B358B25C2C60BA8D009D3696 /* Sources */,
				B358B25D2C60BA8D009D3696 /* Frameworks */,
				B358B25E2C60BA8D009D3696 /* CopyFiles */,
			);
			buildRules = (
			);
			dependencies = (
			);
			name = minishell;
			productName = minishell;
			productReference = B358B2602C60BA8D009D3696 /* minishell */;
			productType = "com.apple.product-type.tool";
		};
		B358B26D2C620716009D3696 /* misc */ = {
			isa = PBXNativeTarget;
			buildConfigurationList = B358B2722C620716009D3696 /* Build configuration list for PBXNativeTarget "misc" */;
			buildPhases = (
				B358B26A2C620716009D3696 /* Sources */,
				B358B26B2C620716009D3696 /* Frameworks */,
				B358B26C2C620716009D3696 /* CopyFiles */,
			);
			buildRules = (
			);
			dependencies = (
			);
			name = misc;
			productName = misc;
			productReference = B358B26E2C620716009D3696 /* misc */;
			productType = "com.apple.product-type.tool";
		};
/* End PBXNativeTarget section */

/* Begin PBXProject section */
		B358B2582C60BA8D009D3696 /* Project object */ = {
			isa = PBXProject;
			attributes = {
				BuildIndependentTargetsInParallel = 1;
				LastUpgradeCheck = 1540;
				TargetAttributes = {
					B358B25F2C60BA8D009D3696 = {
						CreatedOnToolsVersion = 15.4;
					};
					B358B26D2C620716009D3696 = {
						CreatedOnToolsVersion = 15.4;
					};
				};
			};
			buildConfigurationList = B358B25B2C60BA8D009D3696 /* Build configuration list for PBXProject "minishell" */;
			compatibilityVersion = "Xcode 14.0";
			developmentRegion = en;
			hasScannedForEncodings = 0;
			knownRegions = (
				en,
				Base,
			);
			mainGroup = B358B2572C60BA8D009D3696;
			productRefGroup = B358B2612C60BA8D009D3696 /* Products */;
			projectDirPath = "";
			projectRoot = "";
			targets = (
				B358B25F2C60BA8D009D3696 /* minishell */,
				B358B26D2C620716009D3696 /* misc */,
			);
		};
/* End PBXProject section */

/* Begin PBXSourcesBuildPhase section */
		B358B25C2C60BA8D009D3696 /* Sources */ = {
			isa = PBXSourcesBuildPhase;
			buildActionMask = 2147483647;
			files = (
				B363EC692C62477E00046707 /* lexer.c in Sources */,
				B363EC6C2C6248AC00046707 /* parser.c in Sources */,
				B363EC702C62492400046707 /* executor.c in Sources */,
				B363EC722C62495E00046707 /* signal.c in Sources */,
				B363EC6E2C6248D600046707 /* expander.c in Sources */,
				B358B2642C60BA8D009D3696 /* main.c in Sources */,
			);
			runOnlyForDeploymentPostprocessing = 0;
		};
		B358B26A2C620716009D3696 /* Sources */ = {
			isa = PBXSourcesBuildPhase;
			buildActionMask = 2147483647;
			files = (
			);
			runOnlyForDeploymentPostprocessing = 0;
		};
/* End PBXSourcesBuildPhase section */

/* Begin XCBuildConfiguration section */
		B358B2652C60BA8D009D3696 /* Debug */ = {
			isa = XCBuildConfiguration;
			buildSettings = {
				ALWAYS_SEARCH_USER_PATHS = NO;
				ASSETCATALOG_COMPILER_GENERATE_SWIFT_ASSET_SYMBOL_EXTENSIONS = YES;
				CLANG_ANALYZER_NONNULL = YES;
				CLANG_ANALYZER_NUMBER_OBJECT_CONVERSION = YES_AGGRESSIVE;
				CLANG_CXX_LANGUAGE_STANDARD = "gnu++20";
				CLANG_ENABLE_MODULES = YES;
				CLANG_ENABLE_OBJC_ARC = YES;
				CLANG_ENABLE_OBJC_WEAK = YES;
				CLANG_WARN_BLOCK_CAPTURE_AUTORELEASING = YES;
				CLANG_WARN_BOOL_CONVERSION = YES;
				CLANG_WARN_COMMA = YES;
				CLANG_WARN_CONSTANT_CONVERSION = YES;
				CLANG_WARN_DEPRECATED_OBJC_IMPLEMENTATIONS = YES;
				CLANG_WARN_DIRECT_OBJC_ISA_USAGE = YES_ERROR;
				CLANG_WARN_DOCUMENTATION_COMMENTS = YES;
				CLANG_WARN_EMPTY_BODY = YES;
				CLANG_WARN_ENUM_CONVERSION = YES;
				CLANG_WARN_INFINITE_RECURSION = YES;
				CLANG_WARN_INT_CONVERSION = YES;
				CLANG_WARN_NON_LITERAL_NULL_CONVERSION = YES;
				CLANG_WARN_OBJC_IMPLICIT_RETAIN_SELF = YES;
				CLANG_WARN_OBJC_LITERAL_CONVERSION = YES;
				CLANG_WARN_OBJC_ROOT_CLASS = YES_ERROR;
				CLANG_WARN_QUOTED_INCLUDE_IN_FRAMEWORK_HEADER = YES;
				CLANG_WARN_RANGE_LOOP_ANALYSIS = YES;
				CLANG_WARN_STRICT_PROTOTYPES = YES;
				CLANG_WARN_SUSPICIOUS_MOVE = YES;
				CLANG_WARN_UNGUARDED_AVAILABILITY = YES_AGGRESSIVE;
				CLANG_WARN_UNREACHABLE_CODE = YES;
				CLANG_WARN__DUPLICATE_METHOD_MATCH = YES;
				COPY_PHASE_STRIP = NO;
				DEBUG_INFORMATION_FORMAT = dwarf;
				ENABLE_STRICT_OBJC_MSGSEND = YES;
				ENABLE_TESTABILITY = YES;
				ENABLE_USER_SCRIPT_SANDBOXING = YES;
				GCC_C_LANGUAGE_STANDARD = gnu17;
				GCC_DYNAMIC_NO_PIC = NO;
				GCC_NO_COMMON_BLOCKS = YES;
				GCC_OPTIMIZATION_LEVEL = 0;
				GCC_PREPROCESSOR_DEFINITIONS = (
					"DEBUG=1",
					"$(inherited)",
				);
				GCC_WARN_64_TO_32_BIT_CONVERSION = YES;
				GCC_WARN_ABOUT_RETURN_TYPE = YES_ERROR;
				GCC_WARN_UNDECLARED_SELECTOR = YES;
				GCC_WARN_UNINITIALIZED_AUTOS = YES_AGGRESSIVE;
				GCC_WARN_UNUSED_FUNCTION = YES;
				GCC_WARN_UNUSED_VARIABLE = YES;
				LOCALIZATION_PREFERS_STRING_CATALOGS = YES;
				MACOSX_DEPLOYMENT_TARGET = 14.5;
				MTL_ENABLE_DEBUG_INFO = INCLUDE_SOURCE;
				MTL_FAST_MATH = YES;
				ONLY_ACTIVE_ARCH = YES;
				SDKROOT = macosx;
			};
			name = Debug;
		};
		B358B2662C60BA8D009D3696 /* Release */ = {
			isa = XCBuildConfiguration;
			buildSettings = {
				ALWAYS_SEARCH_USER_PATHS = NO;
				ASSETCATALOG_COMPILER_GENERATE_SWIFT_ASSET_SYMBOL_EXTENSIONS = YES;
				CLANG_ANALYZER_NONNULL = YES;
				CLANG_ANALYZER_NUMBER_OBJECT_CONVERSION = YES_AGGRESSIVE;
				CLANG_CXX_LANGUAGE_STANDARD = "gnu++20";
				CLANG_ENABLE_MODULES = YES;
				CLANG_ENABLE_OBJC_ARC = YES;
				CLANG_ENABLE_OBJC_WEAK = YES;
				CLANG_WARN_BLOCK_CAPTURE_AUTORELEASING = YES;
				CLANG_WARN_BOOL_CONVERSION = YES;
				CLANG_WARN_COMMA = YES;
				CLANG_WARN_CONSTANT_CONVERSION = YES;
				CLANG_WARN_DEPRECATED_OBJC_IMPLEMENTATIONS = YES;
				CLANG_WARN_DIRECT_OBJC_ISA_USAGE = YES_ERROR;
				CLANG_WARN_DOCUMENTATION_COMMENTS = YES;
				CLANG_WARN_EMPTY_BODY = YES;
				CLANG_WARN_ENUM_CONVERSION = YES;
				CLANG_WARN_INFINITE_RECURSION = YES;
				CLANG_WARN_INT_CONVERSION = YES;
				CLANG_WARN_NON_LITERAL_NULL_CONVERSION = YES;
				CLANG_WARN_OBJC_IMPLICIT_RETAIN_SELF = YES;
				CLANG_WARN_OBJC_LITERAL_CONVERSION = YES;
				CLANG_WARN_OBJC_ROOT_CLASS = YES_ERROR;
				CLANG_WARN_QUOTED_INCLUDE_IN_FRAMEWORK_HEADER = YES;
				CLANG_WARN_RANGE_LOOP_ANALYSIS = YES;
				CLANG_WARN_STRICT_PROTOTYPES = YES;
				CLANG_WARN_SUSPICIOUS_MOVE = YES;
				CLANG_WARN_UNGUARDED_AVAILABILITY = YES_AGGRESSIVE;
				CLANG_WARN_UNREACHABLE_CODE = YES;
				CLANG_WARN__DUPLICATE_METHOD_MATCH = YES;
				COPY_PHASE_STRIP = NO;
				DEBUG_INFORMATION_FORMAT = "dwarf-with-dsym";
				ENABLE_NS_ASSERTIONS = NO;
				ENABLE_STRICT_OBJC_MSGSEND = YES;
				ENABLE_USER_SCRIPT_SANDBOXING = YES;
				GCC_C_LANGUAGE_STANDARD = gnu17;
				GCC_NO_COMMON_BLOCKS = YES;
				GCC_WARN_64_TO_32_BIT_CONVERSION = YES;
				GCC_WARN_ABOUT_RETURN_TYPE = YES_ERROR;
				GCC_WARN_UNDECLARED_SELECTOR = YES;
				GCC_WARN_UNINITIALIZED_AUTOS = YES_AGGRESSIVE;
				GCC_WARN_UNUSED_FUNCTION = YES;
				GCC_WARN_UNUSED_VARIABLE = YES;
				LOCALIZATION_PREFERS_STRING_CATALOGS = YES;
				MACOSX_DEPLOYMENT_TARGET = 14.5;
				MTL_ENABLE_DEBUG_INFO = NO;
				MTL_FAST_MATH = YES;
				SDKROOT = macosx;
			};
			name = Release;
		};
		B358B2682C60BA8D009D3696 /* Debug */ = {
			isa = XCBuildConfiguration;
			buildSettings = {
				CODE_SIGN_STYLE = Automatic;
				DEVELOPMENT_TEAM = UPP8BNC6VR;
				ENABLE_HARDENED_RUNTIME = YES;
				PRODUCT_NAME = "$(TARGET_NAME)";
			};
			name = Debug;
		};
		B358B2692C60BA8D009D3696 /* Release */ = {
			isa = XCBuildConfiguration;
			buildSettings = {
				CODE_SIGN_STYLE = Automatic;
				DEVELOPMENT_TEAM = UPP8BNC6VR;
				ENABLE_HARDENED_RUNTIME = YES;
				PRODUCT_NAME = "$(TARGET_NAME)";
			};
			name = Release;
		};
		B358B2732C620716009D3696 /* Debug */ = {
			isa = XCBuildConfiguration;
			buildSettings = {
				CODE_SIGN_STYLE = Automatic;
				DEVELOPMENT_TEAM = UPP8BNC6VR;
				ENABLE_HARDENED_RUNTIME = YES;
				PRODUCT_NAME = "$(TARGET_NAME)";
			};
			name = Debug;
		};
		B358B2742C620716009D3696 /* Release */ = {
			isa = XCBuildConfiguration;
			buildSettings = {
				CODE_SIGN_STYLE = Automatic;
				DEVELOPMENT_TEAM = UPP8BNC6VR;
				ENABLE_HARDENED_RUNTIME = YES;
				PRODUCT_NAME = "$(TARGET_NAME)";
			};
			name = Release;
		};
/* End XCBuildConfiguration section */

/* Begin XCConfigurationList section */
		B358B25B2C60BA8D009D3696 /* Build configuration list for PBXProject "minishell" */ = {
			isa = XCConfigurationList;
			buildConfigurations = (
				B358B2652C60BA8D009D3696 /* Debug */,
				B358B2662C60BA8D009D3696 /* Release */,
			);
			defaultConfigurationIsVisible = 0;
			defaultConfigurationName = Release;
		};
		B358B2672C60BA8D009D3696 /* Build configuration list for PBXNativeTarget "minishell" */ = {
			isa = XCConfigurationList;
			buildConfigurations = (
				B358B2682C60BA8D009D3696 /* Debug */,
				B358B2692C60BA8D009D3696 /* Release */,
			);
			defaultConfigurationIsVisible = 0;
			defaultConfigurationName = Release;
		};
		B358B2722C620716009D3696 /* Build configuration list for PBXNativeTarget "misc" */ = {
			isa = XCConfigurationList;
			buildConfigurations = (
				B358B2732C620716009D3696 /* Debug */,
				B358B2742C620716009D3696 /* Release */,
			);
			defaultConfigurationIsVisible = 0;
			defaultConfigurationName = Release;
		};
/* End XCConfigurationList section */
	};
	rootObject = B358B2582C60BA8D009D3696 /* Project object */;
}
